speakeasyVersion: 1.606.8
sources:
    StackOne-OAS:
        sourceNamespace: stackone-oas
        sourceRevisionDigest: sha256:0f41e1d8f46750e7415088401aba402e16d2e5e8f6934305b0404e7a605e9c96
        sourceBlobDigest: sha256:14e9baba44e16041534c9fb0d665000e0ed125910a4dbb4d2f39c8eb481c5f46
        tags:
            - latest
            - speakeasy-sdk-regen-1755129992
            - 1.0.0
targets:
    stackone:
        source: StackOne-OAS
        sourceNamespace: stackone-oas
        sourceRevisionDigest: sha256:0f41e1d8f46750e7415088401aba402e16d2e5e8f6934305b0404e7a605e9c96
        sourceBlobDigest: sha256:14e9baba44e16041534c9fb0d665000e0ed125910a4dbb4d2f39c8eb481c5f46
        codeSamplesNamespace: stack-one-oas-java-code-samples
        codeSamplesRevisionDigest: sha256:330c143ed7db629c667b733b57129c3e1937204b747480b5df6e9a2c4c38736c
workflow:
    workflowVersion: 1.0.0
    speakeasyVersion: latest
    sources:
        StackOne-OAS:
            inputs:
                - location: https://api.eu1.stackone.com/oas/stackone.json
                - location: https://api.eu1.stackone.com/oas/hris.json
                - location: https://api.eu1.stackone.com/oas/ats.json
                - location: https://api.eu1.stackone.com/oas/crm.json
                - location: https://api.eu1.stackone.com/oas/iam.json
                - location: https://api.eu1.stackone.com/oas/marketing.json
                - location: https://api.eu1.stackone.com/oas/lms.json
                - location: https://api.eu1.stackone.com/oas/ticketing.json
                - location: https://api.eu1.stackone.com/oas/documents.json
                - location: https://api.eu1.stackone.com/oas/screening.json
                - location: https://api.eu1.stackone.com/oas/messaging.json
                - location: https://api.eu1.stackone.com/oas/accounting.json
            registry:
                location: registry.speakeasyapi.dev/stackone/stackone/stackone-oas
    targets:
        stackone:
            target: java
            source: StackOne-OAS
            publish:
                java:
                    ossrhUsername: $ossrh_username
                    ossrhPassword: $ossrh_password
                    gpgSecretKey: $java_gpg_secret_key
                    gpgPassPhrase: $java_gpg_passphrase
            codeSamples:
                registry:
                    location: registry.speakeasyapi.dev/stackone/stackone/stack-one-oas-java-code-samples
                blocking: false
