speakeasyVersion: 1.709.0
sources:
    StackOne-OAS:
        sourceNamespace: stackone-oas
        sourceRevisionDigest: sha256:d2921c8d9bb771eec8c6c78397f98e56ff4a06e1e2c828e430d50d3bb21ce6ad
        sourceBlobDigest: sha256:e78c042dc85efb074fe2055c1d6d7a4a7a029c3d442f35a4f0f1d37f46c37c68
        tags:
            - latest
            - speakeasy-sdk-regen-1769645320
            - 1.0.0
targets:
    stackone:
        source: StackOne-OAS
        sourceNamespace: stackone-oas
        sourceRevisionDigest: sha256:d2921c8d9bb771eec8c6c78397f98e56ff4a06e1e2c828e430d50d3bb21ce6ad
        sourceBlobDigest: sha256:e78c042dc85efb074fe2055c1d6d7a4a7a029c3d442f35a4f0f1d37f46c37c68
        codeSamplesNamespace: stack-one-oas-java-code-samples
        codeSamplesRevisionDigest: sha256:8627bd2455b96e44b7e24edcde9936a240c96568c0a3299283cdc7fffaae319d
workflow:
    workflowVersion: 1.0.0
    speakeasyVersion: latest
    sources:
        StackOne-OAS:
            inputs:
                - location: https://api.eu1.stackone.com/oas/stackone.json
                - location: https://api.eu1.stackone.com/oas/hris.json
                - location: https://api.eu1.stackone.com/oas/ats.json
                - location: https://api.eu1.stackone.com/oas/crm.json
                - location: https://api.eu1.stackone.com/oas/iam.json
                - location: https://api.eu1.stackone.com/oas/marketing.json
                - location: https://api.eu1.stackone.com/oas/lms.json
                - location: https://api.eu1.stackone.com/oas/ticketing.json
                - location: https://api.eu1.stackone.com/oas/documents.json
                - location: https://api.eu1.stackone.com/oas/screening.json
                - location: https://api.eu1.stackone.com/oas/messaging.json
                - location: https://api.eu1.stackone.com/oas/accounting.json
            registry:
                location: registry.speakeasyapi.dev/stackone/stackone/stackone-oas
    targets:
        stackone:
            target: java
            source: StackOne-OAS
            publish:
                java:
                    ossrhUsername: $ossrh_username
                    ossrhPassword: $ossrh_password
                    gpgSecretKey: $java_gpg_secret_key
                    gpgPassPhrase: $java_gpg_passphrase
            codeSamples:
                registry:
                    location: registry.speakeasyapi.dev/stackone/stackone/stack-one-oas-java-code-samples
                blocking: false
