speakeasyVersion: 1.636.3
sources:
    StackOne-OAS:
        sourceNamespace: stackone-oas
        sourceRevisionDigest: sha256:d7fd910c2d17c56e99b772a5b8cbcf60188396393096d7fd816fe5626f6ff91d
        sourceBlobDigest: sha256:a2b6f32eff36f507ffdb54b05281fae6d0687a1746c84df4c3bb716c047f4e48
        tags:
            - latest
            - speakeasy-sdk-regen-1759881963
            - 1.0.0
targets:
    stackone:
        source: StackOne-OAS
        sourceNamespace: stackone-oas
        sourceRevisionDigest: sha256:d7fd910c2d17c56e99b772a5b8cbcf60188396393096d7fd816fe5626f6ff91d
        sourceBlobDigest: sha256:a2b6f32eff36f507ffdb54b05281fae6d0687a1746c84df4c3bb716c047f4e48
        codeSamplesNamespace: stack-one-oas-java-code-samples
        codeSamplesRevisionDigest: sha256:e243e6e2fe78b31dee03cf2a1c53f4d32a8a7f0be300f01478016e00def633f1
workflow:
    workflowVersion: 1.0.0
    speakeasyVersion: latest
    sources:
        StackOne-OAS:
            inputs:
                - location: https://api.eu1.stackone.com/oas/stackone.json
                - location: https://api.eu1.stackone.com/oas/hris.json
                - location: https://api.eu1.stackone.com/oas/ats.json
                - location: https://api.eu1.stackone.com/oas/crm.json
                - location: https://api.eu1.stackone.com/oas/iam.json
                - location: https://api.eu1.stackone.com/oas/marketing.json
                - location: https://api.eu1.stackone.com/oas/lms.json
                - location: https://api.eu1.stackone.com/oas/ticketing.json
                - location: https://api.eu1.stackone.com/oas/documents.json
                - location: https://api.eu1.stackone.com/oas/screening.json
                - location: https://api.eu1.stackone.com/oas/messaging.json
                - location: https://api.eu1.stackone.com/oas/accounting.json
            registry:
                location: registry.speakeasyapi.dev/stackone/stackone/stackone-oas
    targets:
        stackone:
            target: java
            source: StackOne-OAS
            publish:
                java:
                    ossrhUsername: $ossrh_username
                    ossrhPassword: $ossrh_password
                    gpgSecretKey: $java_gpg_secret_key
                    gpgPassPhrase: $java_gpg_passphrase
            codeSamples:
                registry:
                    location: registry.speakeasyapi.dev/stackone/stackone/stack-one-oas-java-code-samples
                blocking: false
